// !$*UTF8*$!
{
	archiveVersion = 1;
	classes = {
	};
	objectVersion = 50;
	objects = {

/* Begin PBXBuildFile section */
		1B1177FA23C9A48E00877B3C /* AppDelegate.swift in Sources */ = {isa = PBXBuildFile; fileRef = 1B1177F923C9A48E00877B3C /* AppDelegate.swift */; };
		1B1177FC23C9A48E00877B3C /* FormsListViewController.swift in Sources */ = {isa = PBXBuildFile; fileRef = 1B1177FB23C9A48E00877B3C /* FormsListViewController.swift */; };
		1B1177FF23C9A48E00877B3C /* Main.storyboard in Resources */ = {isa = PBXBuildFile; fileRef = 1B1177FD23C9A48E00877B3C /* Main.storyboard */; };
		1B11780223C9A48E00877B3C /* HandZapAssignment.xcdatamodeld in Sources */ = {isa = PBXBuildFile; fileRef = 1B11780023C9A48E00877B3C /* HandZapAssignment.xcdatamodeld */; };
		1B11780423C9A49000877B3C /* Assets.xcassets in Resources */ = {isa = PBXBuildFile; fileRef = 1B11780323C9A49000877B3C /* Assets.xcassets */; };
		1B11780723C9A49000877B3C /* LaunchScreen.storyboard in Resources */ = {isa = PBXBuildFile; fileRef = 1B11780523C9A49000877B3C /* LaunchScreen.storyboard */; };
		1B11781223C9A49000877B3C /* HandZapAssignmentTests.swift in Sources */ = {isa = PBXBuildFile; fileRef = 1B11781123C9A49000877B3C /* HandZapAssignmentTests.swift */; };
		1B11781D23C9FC1C00877B3C /* FormData.swift in Sources */ = {isa = PBXBuildFile; fileRef = 1B11781C23C9FC1C00877B3C /* FormData.swift */; };
		1B11782023CA022700877B3C /* FormListViewModel.swift in Sources */ = {isa = PBXBuildFile; fileRef = 1B11781F23CA022700877B3C /* FormListViewModel.swift */; };
		1B11782323CA03AC00877B3C /* FormDataTableViewCell.swift in Sources */ = {isa = PBXBuildFile; fileRef = 1B11782223CA03AC00877B3C /* FormDataTableViewCell.swift */; };
		1B11782623CA058000877B3C /* NewFormViewController.swift in Sources */ = {isa = PBXBuildFile; fileRef = 1B11782523CA058000877B3C /* NewFormViewController.swift */; };
		1BF0A9E723CB551B008881C8 /* FormDataMO+CoreDataClass.swift in Sources */ = {isa = PBXBuildFile; fileRef = 1BF0A9E523CB551B008881C8 /* FormDataMO+CoreDataClass.swift */; };
		1BF0A9EA23CB55C8008881C8 /* FormViewModel.swift in Sources */ = {isa = PBXBuildFile; fileRef = 1BF0A9E923CB55C8008881C8 /* FormViewModel.swift */; };
		1BF0A9EC23CB6B6E008881C8 /* FormDataMO+CoreDataProperties.swift in Sources */ = {isa = PBXBuildFile; fileRef = 1BF0A9EB23CB6B6E008881C8 /* FormDataMO+CoreDataProperties.swift */; };
		1BF0A9EE23CB7B1C008881C8 /* FormDataUnitTests.swift in Sources */ = {isa = PBXBuildFile; fileRef = 1BF0A9ED23CB7B1C008881C8 /* FormDataUnitTests.swift */; };
		1BF0A9EF23CB7B28008881C8 /* FormData.swift in Sources */ = {isa = PBXBuildFile; fileRef = 1B11781C23C9FC1C00877B3C /* FormData.swift */; };
/* End PBXBuildFile section */

/* Begin PBXContainerItemProxy section */
		1B11780E23C9A49000877B3C /* PBXContainerItemProxy */ = {
			isa = PBXContainerItemProxy;
			containerPortal = 1B1177EE23C9A48E00877B3C /* Project object */;
			proxyType = 1;
			remoteGlobalIDString = 1B1177F523C9A48E00877B3C;
			remoteInfo = HandZapAssignment;
		};
/* End PBXContainerItemProxy section */

/* Begin PBXFileReference section */
		1B1177F623C9A48E00877B3C /* HandZapAssignment.app */ = {isa = PBXFileReference; explicitFileType = wrapper.application; includeInIndex = 0; path = HandZapAssignment.app; sourceTree = BUILT_PRODUCTS_DIR; };
		1B1177F923C9A48E00877B3C /* AppDelegate.swift */ = {isa = PBXFileReference; lastKnownFileType = sourcecode.swift; path = AppDelegate.swift; sourceTree = "<group>"; };
		1B1177FB23C9A48E00877B3C /* FormsListViewController.swift */ = {isa = PBXFileReference; lastKnownFileType = sourcecode.swift; path = FormsListViewController.swift; sourceTree = "<group>"; };
		1B1177FE23C9A48E00877B3C /* Base */ = {isa = PBXFileReference; lastKnownFileType = file.storyboard; name = Base; path = Base.lproj/Main.storyboard; sourceTree = "<group>"; };
		1B11780123C9A48E00877B3C /* HandZapAssignment.xcdatamodel */ = {isa = PBXFileReference; lastKnownFileType = wrapper.xcdatamodel; path = HandZapAssignment.xcdatamodel; sourceTree = "<group>"; };
		1B11780323C9A49000877B3C /* Assets.xcassets */ = {isa = PBXFileReference; lastKnownFileType = folder.assetcatalog; path = Assets.xcassets; sourceTree = "<group>"; };
		1B11780623C9A49000877B3C /* Base */ = {isa = PBXFileReference; lastKnownFileType = file.storyboard; name = Base; path = Base.lproj/LaunchScreen.storyboard; sourceTree = "<group>"; };
		1B11780823C9A49000877B3C /* Info.plist */ = {isa = PBXFileReference; lastKnownFileType = text.plist.xml; path = Info.plist; sourceTree = "<group>"; };
		1B11780D23C9A49000877B3C /* HandZapAssignmentTests.xctest */ = {isa = PBXFileReference; explicitFileType = wrapper.cfbundle; includeInIndex = 0; path = HandZapAssignmentTests.xctest; sourceTree = BUILT_PRODUCTS_DIR; };
		1B11781123C9A49000877B3C /* HandZapAssignmentTests.swift */ = {isa = PBXFileReference; lastKnownFileType = sourcecode.swift; path = HandZapAssignmentTests.swift; sourceTree = "<group>"; };
		1B11781323C9A49000877B3C /* Info.plist */ = {isa = PBXFileReference; lastKnownFileType = text.plist.xml; path = Info.plist; sourceTree = "<group>"; };
		1B11781C23C9FC1C00877B3C /* FormData.swift */ = {isa = PBXFileReference; lastKnownFileType = sourcecode.swift; path = FormData.swift; sourceTree = "<group>"; };
		1B11781F23CA022700877B3C /* FormListViewModel.swift */ = {isa = PBXFileReference; lastKnownFileType = sourcecode.swift; path = FormListViewModel.swift; sourceTree = "<group>"; };
		1B11782223CA03AC00877B3C /* FormDataTableViewCell.swift */ = {isa = PBXFileReference; lastKnownFileType = sourcecode.swift; path = FormDataTableViewCell.swift; sourceTree = "<group>"; };
		1B11782523CA058000877B3C /* NewFormViewController.swift */ = {isa = PBXFileReference; lastKnownFileType = sourcecode.swift; path = NewFormViewController.swift; sourceTree = "<group>"; };
		1BF0A9E523CB551B008881C8 /* FormDataMO+CoreDataClass.swift */ = {isa = PBXFileReference; lastKnownFileType = sourcecode.swift; path = "FormDataMO+CoreDataClass.swift"; sourceTree = "<group>"; };
		1BF0A9E923CB55C8008881C8 /* FormViewModel.swift */ = {isa = PBXFileReference; lastKnownFileType = sourcecode.swift; path = FormViewModel.swift; sourceTree = "<group>"; };
		1BF0A9EB23CB6B6E008881C8 /* FormDataMO+CoreDataProperties.swift */ = {isa = PBXFileReference; lastKnownFileType = sourcecode.swift; path = "FormDataMO+CoreDataProperties.swift"; sourceTree = "<group>"; };
		1BF0A9ED23CB7B1C008881C8 /* FormDataUnitTests.swift */ = {isa = PBXFileReference; lastKnownFileType = sourcecode.swift; path = FormDataUnitTests.swift; sourceTree = "<group>"; };
/* End PBXFileReference section */

/* Begin PBXFrameworksBuildPhase section */
		1B1177F323C9A48E00877B3C /* Frameworks */ = {
			isa = PBXFrameworksBuildPhase;
			buildActionMask = 2147483647;
			files = (
			);
			runOnlyForDeploymentPostprocessing = 0;
		};
		1B11780A23C9A49000877B3C /* Frameworks */ = {
			isa = PBXFrameworksBuildPhase;
			buildActionMask = 2147483647;
			files = (
			);
			runOnlyForDeploymentPostprocessing = 0;
		};
/* End PBXFrameworksBuildPhase section */

/* Begin PBXGroup section */
		1B1177ED23C9A48E00877B3C = {
			isa = PBXGroup;
			children = (
				1B1177F823C9A48E00877B3C /* HandZapAssignment */,
				1B11781023C9A49000877B3C /* HandZapAssignmentTests */,
				1B1177F723C9A48E00877B3C /* Products */,
			);
			sourceTree = "<group>";
		};
		1B1177F723C9A48E00877B3C /* Products */ = {
			isa = PBXGroup;
			children = (
				1B1177F623C9A48E00877B3C /* HandZapAssignment.app */,
				1B11780D23C9A49000877B3C /* HandZapAssignmentTests.xctest */,
			);
			name = Products;
			sourceTree = "<group>";
		};
		1B1177F823C9A48E00877B3C /* HandZapAssignment */ = {
			isa = PBXGroup;
			children = (
				1B11782123CA038300877B3C /* CustomCell */,
				1B11781E23CA01F800877B3C /* Models */,
				1B1177F923C9A48E00877B3C /* AppDelegate.swift */,
				1B11782423CA053D00877B3C /* ViewControllers */,
				1B1177FD23C9A48E00877B3C /* Main.storyboard */,
				1B11780323C9A49000877B3C /* Assets.xcassets */,
				1B11780523C9A49000877B3C /* LaunchScreen.storyboard */,
				1B11780823C9A49000877B3C /* Info.plist */,
				1B11780023C9A48E00877B3C /* HandZapAssignment.xcdatamodeld */,
			);
			path = HandZapAssignment;
			sourceTree = "<group>";
		};
		1B11781023C9A49000877B3C /* HandZapAssignmentTests */ = {
			isa = PBXGroup;
			children = (
				1B11781123C9A49000877B3C /* HandZapAssignmentTests.swift */,
				1B11781323C9A49000877B3C /* Info.plist */,
				1BF0A9ED23CB7B1C008881C8 /* FormDataUnitTests.swift */,
			);
			path = HandZapAssignmentTests;
			sourceTree = "<group>";
		};
		1B11781E23CA01F800877B3C /* Models */ = {
			isa = PBXGroup;
			children = (
				1BF0A9E523CB551B008881C8 /* FormDataMO+CoreDataClass.swift */,
				1BF0A9EB23CB6B6E008881C8 /* FormDataMO+CoreDataProperties.swift */,
				1B11781C23C9FC1C00877B3C /* FormData.swift */,
				1B11781F23CA022700877B3C /* FormListViewModel.swift */,
				1BF0A9E923CB55C8008881C8 /* FormViewModel.swift */,
			);
			path = Models;
			sourceTree = "<group>";
		};
		1B11782123CA038300877B3C /* CustomCell */ = {
			isa = PBXGroup;
			children = (
				1B11782223CA03AC00877B3C /* FormDataTableViewCell.swift */,
			);
			path = CustomCell;
			sourceTree = "<group>";
		};
		1B11782423CA053D00877B3C /* ViewControllers */ = {
			isa = PBXGroup;
			children = (
				1B1177FB23C9A48E00877B3C /* FormsListViewController.swift */,
				1B11782523CA058000877B3C /* NewFormViewController.swift */,
			);
			path = ViewControllers;
			sourceTree = "<group>";
		};
/* End PBXGroup section */

/* Begin PBXNativeTarget section */
		1B1177F523C9A48E00877B3C /* HandZapAssignment */ = {
			isa = PBXNativeTarget;
			buildConfigurationList = 1B11781623C9A49000877B3C /* Build configuration list for PBXNativeTarget "HandZapAssignment" */;
			buildPhases = (
				1B1177F223C9A48E00877B3C /* Sources */,
				1B1177F323C9A48E00877B3C /* Frameworks */,
				1B1177F423C9A48E00877B3C /* Resources */,
			);
			buildRules = (
			);
			dependencies = (
			);
			name = HandZapAssignment;
			productName = HandZapAssignment;
			productReference = 1B1177F623C9A48E00877B3C /* HandZapAssignment.app */;
			productType = "com.apple.product-type.application";
		};
		1B11780C23C9A49000877B3C /* HandZapAssignmentTests */ = {
			isa = PBXNativeTarget;
			buildConfigurationList = 1B11781923C9A49000877B3C /* Build configuration list for PBXNativeTarget "HandZapAssignmentTests" */;
			buildPhases = (
				1B11780923C9A49000877B3C /* Sources */,
				1B11780A23C9A49000877B3C /* Frameworks */,
				1B11780B23C9A49000877B3C /* Resources */,
			);
			buildRules = (
			);
			dependencies = (
				1B11780F23C9A49000877B3C /* PBXTargetDependency */,
			);
			name = HandZapAssignmentTests;
			productName = HandZapAssignmentTests;
			productReference = 1B11780D23C9A49000877B3C /* HandZapAssignmentTests.xctest */;
			productType = "com.apple.product-type.bundle.unit-test";
		};
/* End PBXNativeTarget section */

/* Begin PBXProject section */
		1B1177EE23C9A48E00877B3C /* Project object */ = {
			isa = PBXProject;
			attributes = {
				LastSwiftUpdateCheck = 1010;
				LastUpgradeCheck = 1010;
				ORGANIZATIONNAME = "Sagar Shinde";
				TargetAttributes = {
					1B1177F523C9A48E00877B3C = {
						CreatedOnToolsVersion = 10.1;
					};
					1B11780C23C9A49000877B3C = {
						CreatedOnToolsVersion = 10.1;
						TestTargetID = 1B1177F523C9A48E00877B3C;
					};
				};
			};
			buildConfigurationList = 1B1177F123C9A48E00877B3C /* Build configuration list for PBXProject "HandZapAssignment" */;
			compatibilityVersion = "Xcode 9.3";
			developmentRegion = en;
			hasScannedForEncodings = 0;
			knownRegions = (
				en,
				Base,
			);
			mainGroup = 1B1177ED23C9A48E00877B3C;
			productRefGroup = 1B1177F723C9A48E00877B3C /* Products */;
			projectDirPath = "";
			projectRoot = "";
			targets = (
				1B1177F523C9A48E00877B3C /* HandZapAssignment */,
				1B11780C23C9A49000877B3C /* HandZapAssignmentTests */,
			);
		};
/* End PBXProject section */

/* Begin PBXResourcesBuildPhase section */
		1B1177F423C9A48E00877B3C /* Resources */ = {
			isa = PBXResourcesBuildPhase;
			buildActionMask = 2147483647;
			files = (
				1B11780723C9A49000877B3C /* LaunchScreen.storyboard in Resources */,
				1B11780423C9A49000877B3C /* Assets.xcassets in Resources */,
				1B1177FF23C9A48E00877B3C /* Main.storyboard in Resources */,
			);
			runOnlyForDeploymentPostprocessing = 0;
		};
		1B11780B23C9A49000877B3C /* Resources */ = {
			isa = PBXResourcesBuildPhase;
			buildActionMask = 2147483647;
			files = (
			);
			runOnlyForDeploymentPostprocessing = 0;
		};
/* End PBXResourcesBuildPhase section */

/* Begin PBXSourcesBuildPhase section */
		1B1177F223C9A48E00877B3C /* Sources */ = {
			isa = PBXSourcesBuildPhase;
			buildActionMask = 2147483647;
			files = (
				1BF0A9EA23CB55C8008881C8 /* FormViewModel.swift in Sources */,
				1B1177FC23C9A48E00877B3C /* FormsListViewController.swift in Sources */,
				1B11782323CA03AC00877B3C /* FormDataTableViewCell.swift in Sources */,
				1B11782623CA058000877B3C /* NewFormViewController.swift in Sources */,
				1B11780223C9A48E00877B3C /* HandZapAssignment.xcdatamodeld in Sources */,
				1B1177FA23C9A48E00877B3C /* AppDelegate.swift in Sources */,
				1B11781D23C9FC1C00877B3C /* FormData.swift in Sources */,
				1B11782023CA022700877B3C /* FormListViewModel.swift in Sources */,
				1BF0A9E723CB551B008881C8 /* FormDataMO+CoreDataClass.swift in Sources */,
				1BF0A9EC23CB6B6E008881C8 /* FormDataMO+CoreDataProperties.swift in Sources */,
			);
			runOnlyForDeploymentPostprocessing = 0;
		};
		1B11780923C9A49000877B3C /* Sources */ = {
			isa = PBXSourcesBuildPhase;
			buildActionMask = 2147483647;
			files = (
				1B11781223C9A49000877B3C /* HandZapAssignmentTests.swift in Sources */,
				1BF0A9EE23CB7B1C008881C8 /* FormDataUnitTests.swift in Sources */,
				1BF0A9EF23CB7B28008881C8 /* FormData.swift in Sources */,
			);
			runOnlyForDeploymentPostprocessing = 0;
		};
/* End PBXSourcesBuildPhase section */

/* Begin PBXTargetDependency section */
		1B11780F23C9A49000877B3C /* PBXTargetDependency */ = {
			isa = PBXTargetDependency;
			target = 1B1177F523C9A48E00877B3C /* HandZapAssignment */;
			targetProxy = 1B11780E23C9A49000877B3C /* PBXContainerItemProxy */;
		};
/* End PBXTargetDependency section */

/* Begin PBXVariantGroup section */
		1B1177FD23C9A48E00877B3C /* Main.storyboard */ = {
			isa = PBXVariantGroup;
			children = (
				1B1177FE23C9A48E00877B3C /* Base */,
			);
			name = Main.storyboard;
			sourceTree = "<group>";
		};
		1B11780523C9A49000877B3C /* LaunchScreen.storyboard */ = {
			isa = PBXVariantGroup;
			children = (
				1B11780623C9A49000877B3C /* Base */,
			);
			name = LaunchScreen.storyboard;
			sourceTree = "<group>";
		};
/* End PBXVariantGroup section */

/* Begin XCBuildConfiguration section */
		1B11781423C9A49000877B3C /* Debug */ = {
			isa = XCBuildConfiguration;
			buildSettings = {
				ALWAYS_SEARCH_USER_PATHS = NO;
				CLANG_ANALYZER_NONNULL = YES;
				CLANG_ANALYZER_NUMBER_OBJECT_CONVERSION = YES_AGGRESSIVE;
				CLANG_CXX_LANGUAGE_STANDARD = "gnu++14";
				CLANG_CXX_LIBRARY = "libc++";
				CLANG_ENABLE_MODULES = YES;
				CLANG_ENABLE_OBJC_ARC = YES;
				CLANG_ENABLE_OBJC_WEAK = YES;
				CLANG_WARN_BLOCK_CAPTURE_AUTORELEASING = YES;
				CLANG_WARN_BOOL_CONVERSION = YES;
				CLANG_WARN_COMMA = YES;
				CLANG_WARN_CONSTANT_CONVERSION = YES;
				CLANG_WARN_DEPRECATED_OBJC_IMPLEMENTATIONS = YES;
				CLANG_WARN_DIRECT_OBJC_ISA_USAGE = YES_ERROR;
				CLANG_WARN_DOCUMENTATION_COMMENTS = YES;
				CLANG_WARN_EMPTY_BODY = YES;
				CLANG_WARN_ENUM_CONVERSION = YES;
				CLANG_WARN_INFINITE_RECURSION = YES;
				CLANG_WARN_INT_CONVERSION = YES;
				CLANG_WARN_NON_LITERAL_NULL_CONVERSION = YES;
				CLANG_WARN_OBJC_IMPLICIT_RETAIN_SELF = YES;
				CLANG_WARN_OBJC_LITERAL_CONVERSION = YES;
				CLANG_WARN_OBJC_ROOT_CLASS = YES_ERROR;
				CLANG_WARN_RANGE_LOOP_ANALYSIS = YES;
				CLANG_WARN_STRICT_PROTOTYPES = YES;
				CLANG_WARN_SUSPICIOUS_MOVE = YES;
				CLANG_WARN_UNGUARDED_AVAILABILITY = YES_AGGRESSIVE;
				CLANG_WARN_UNREACHABLE_CODE = YES;
				CLANG_WARN__DUPLICATE_METHOD_MATCH = YES;
				CODE_SIGN_IDENTITY = "iPhone Developer";
				COPY_PHASE_STRIP = NO;
				DEBUG_INFORMATION_FORMAT = dwarf;
				ENABLE_STRICT_OBJC_MSGSEND = YES;
				ENABLE_TESTABILITY = YES;
				GCC_C_LANGUAGE_STANDARD = gnu11;
				GCC_DYNAMIC_NO_PIC = NO;
				GCC_NO_COMMON_BLOCKS = YES;
				GCC_OPTIMIZATION_LEVEL = 0;
				GCC_PREPROCESSOR_DEFINITIONS = (
					"DEBUG=1",
					"$(inherited)",
				);
				GCC_WARN_64_TO_32_BIT_CONVERSION = YES;
				GCC_WARN_ABOUT_RETURN_TYPE = YES_ERROR;
				GCC_WARN_UNDECLARED_SELECTOR = YES;
				GCC_WARN_UNINITIALIZED_AUTOS = YES_AGGRESSIVE;
				GCC_WARN_UNUSED_FUNCTION = YES;
				GCC_WARN_UNUSED_VARIABLE = YES;
				IPHONEOS_DEPLOYMENT_TARGET = 12.1;
				MTL_ENABLE_DEBUG_INFO = INCLUDE_SOURCE;
				MTL_FAST_MATH = YES;
				ONLY_ACTIVE_ARCH = YES;
				SDKROOT = iphoneos;
				SWIFT_ACTIVE_COMPILATION_CONDITIONS = DEBUG;
				SWIFT_OPTIMIZATION_LEVEL = "-Onone";
			};
			name = Debug;
		};
		1B11781523C9A49000877B3C /* Release */ = {
			isa = XCBuildConfiguration;
			buildSettings = {
				ALWAYS_SEARCH_USER_PATHS = NO;
				CLANG_ANALYZER_NONNULL = YES;
				CLANG_ANALYZER_NUMBER_OBJECT_CONVERSION = YES_AGGRESSIVE;
				CLANG_CXX_LANGUAGE_STANDARD = "gnu++14";
				CLANG_CXX_LIBRARY = "libc++";
				CLANG_ENABLE_MODULES = YES;
				CLANG_ENABLE_OBJC_ARC = YES;
				CLANG_ENABLE_OBJC_WEAK = YES;
				CLANG_WARN_BLOCK_CAPTURE_AUTORELEASING = YES;
				CLANG_WARN_BOOL_CONVERSION = YES;
				CLANG_WARN_COMMA = YES;
				CLANG_WARN_CONSTANT_CONVERSION = YES;
				CLANG_WARN_DEPRECATED_OBJC_IMPLEMENTATIONS = YES;
				CLANG_WARN_DIRECT_OBJC_ISA_USAGE = YES_ERROR;
				CLANG_WARN_DOCUMENTATION_COMMENTS = YES;
				CLANG_WARN_EMPTY_BODY = YES;
				CLANG_WARN_ENUM_CONVERSION = YES;
				CLANG_WARN_INFINITE_RECURSION = YES;
				CLANG_WARN_INT_CONVERSION = YES;
				CLANG_WARN_NON_LITERAL_NULL_CONVERSION = YES;
				CLANG_WARN_OBJC_IMPLICIT_RETAIN_SELF = YES;
				CLANG_WARN_OBJC_LITERAL_CONVERSION = YES;
				CLANG_WARN_OBJC_ROOT_CLASS = YES_ERROR;
				CLANG_WARN_RANGE_LOOP_ANALYSIS = YES;
				CLANG_WARN_STRICT_PROTOTYPES = YES;
				CLANG_WARN_SUSPICIOUS_MOVE = YES;
				CLANG_WARN_UNGUARDED_AVAILABILITY = YES_AGGRESSIVE;
				CLANG_WARN_UNREACHABLE_CODE = YES;
				CLANG_WARN__DUPLICATE_METHOD_MATCH = YES;
				CODE_SIGN_IDENTITY = "iPhone Developer";
				COPY_PHASE_STRIP = NO;
				DEBUG_INFORMATION_FORMAT = "dwarf-with-dsym";
				ENABLE_NS_ASSERTIONS = NO;
				ENABLE_STRICT_OBJC_MSGSEND = YES;
				GCC_C_LANGUAGE_STANDARD = gnu11;
				GCC_NO_COMMON_BLOCKS = YES;
				GCC_WARN_64_TO_32_BIT_CONVERSION = YES;
				GCC_WARN_ABOUT_RETURN_TYPE = YES_ERROR;
				GCC_WARN_UNDECLARED_SELECTOR = YES;
				GCC_WARN_UNINITIALIZED_AUTOS = YES_AGGRESSIVE;
				GCC_WARN_UNUSED_FUNCTION = YES;
				GCC_WARN_UNUSED_VARIABLE = YES;
				IPHONEOS_DEPLOYMENT_TARGET = 12.1;
				MTL_ENABLE_DEBUG_INFO = NO;
				MTL_FAST_MATH = YES;
				SDKROOT = iphoneos;
				SWIFT_COMPILATION_MODE = wholemodule;
				SWIFT_OPTIMIZATION_LEVEL = "-O";
				VALIDATE_PRODUCT = YES;
			};
			name = Release;
		};
		1B11781723C9A49000877B3C /* Debug */ = {
			isa = XCBuildConfiguration;
			buildSettings = {
				ASSETCATALOG_COMPILER_APPICON_NAME = AppIcon;
				CODE_SIGN_STYLE = Automatic;
				INFOPLIST_FILE = HandZapAssignment/Info.plist;
				LD_RUNPATH_SEARCH_PATHS = (
					"$(inherited)",
					"@executable_path/Frameworks",
				);
				PRODUCT_BUNDLE_IDENTIFIER = com.toptrends.HandZapAssignment;
				PRODUCT_NAME = "$(TARGET_NAME)";
				SWIFT_VERSION = 4.2;
				TARGETED_DEVICE_FAMILY = "1,2";
			};
			name = Debug;
		};
		1B11781823C9A49000877B3C /* Release */ = {
			isa = XCBuildConfiguration;
			buildSettings = {
				ASSETCATALOG_COMPILER_APPICON_NAME = AppIcon;
				CODE_SIGN_STYLE = Automatic;
				INFOPLIST_FILE = HandZapAssignment/Info.plist;
				LD_RUNPATH_SEARCH_PATHS = (
					"$(inherited)",
					"@executable_path/Frameworks",
				);
				PRODUCT_BUNDLE_IDENTIFIER = com.toptrends.HandZapAssignment;
				PRODUCT_NAME = "$(TARGET_NAME)";
				SWIFT_VERSION = 4.2;
				TARGETED_DEVICE_FAMILY = "1,2";
			};
			name = Release;
		};
		1B11781A23C9A49000877B3C /* Debug */ = {
			isa = XCBuildConfiguration;
			buildSettings = {
				ALWAYS_EMBED_SWIFT_STANDARD_LIBRARIES = YES;
				BUNDLE_LOADER = "$(TEST_HOST)";
				CODE_SIGN_STYLE = Automatic;
				INFOPLIST_FILE = HandZapAssignmentTests/Info.plist;
				LD_RUNPATH_SEARCH_PATHS = (
					"$(inherited)",
					"@executable_path/Frameworks",
					"@loader_path/Frameworks",
				);
				PRODUCT_BUNDLE_IDENTIFIER = com.toptrends.HandZapAssignmentTests;
				PRODUCT_NAME = "$(TARGET_NAME)";
				SWIFT_VERSION = 4.2;
				TARGETED_DEVICE_FAMILY = "1,2";
				TEST_HOST = "$(BUILT_PRODUCTS_DIR)/HandZapAssignment.app/HandZapAssignment";
			};
			name = Debug;
		};
		1B11781B23C9A49000877B3C /* Release */ = {
			isa = XCBuildConfiguration;
			buildSettings = {
				ALWAYS_EMBED_SWIFT_STANDARD_LIBRARIES = YES;
				BUNDLE_LOADER = "$(TEST_HOST)";
				CODE_SIGN_STYLE = Automatic;
				INFOPLIST_FILE = HandZapAssignmentTests/Info.plist;
				LD_RUNPATH_SEARCH_PATHS = (
					"$(inherited)",
					"@executable_path/Frameworks",
					"@loader_path/Frameworks",
				);
				PRODUCT_BUNDLE_IDENTIFIER = com.toptrends.HandZapAssignmentTests;
				PRODUCT_NAME = "$(TARGET_NAME)";
				SWIFT_VERSION = 4.2;
				TARGETED_DEVICE_FAMILY = "1,2";
				TEST_HOST = "$(BUILT_PRODUCTS_DIR)/HandZapAssignment.app/HandZapAssignment";
			};
			name = Release;
		};
/* End XCBuildConfiguration section */

/* Begin XCConfigurationList section */
		1B1177F123C9A48E00877B3C /* Build configuration list for PBXProject "HandZapAssignment" */ = {
			isa = XCConfigurationList;
			buildConfigurations = (
				1B11781423C9A49000877B3C /* Debug */,
				1B11781523C9A49000877B3C /* Release */,
			);
			defaultConfigurationIsVisible = 0;
			defaultConfigurationName = Release;
		};
		1B11781623C9A49000877B3C /* Build configuration list for PBXNativeTarget "HandZapAssignment" */ = {
			isa = XCConfigurationList;
			buildConfigurations = (
				1B11781723C9A49000877B3C /* Debug */,
				1B11781823C9A49000877B3C /* Release */,
			);
			defaultConfigurationIsVisible = 0;
			defaultConfigurationName = Release;
		};
		1B11781923C9A49000877B3C /* Build configuration list for PBXNativeTarget "HandZapAssignmentTests" */ = {
			isa = XCConfigurationList;
			buildConfigurations = (
				1B11781A23C9A49000877B3C /* Debug */,
				1B11781B23C9A49000877B3C /* Release */,
			);
			defaultConfigurationIsVisible = 0;
			defaultConfigurationName = Release;
		};
/* End XCConfigurationList section */

/* Begin XCVersionGroup section */
		1B11780023C9A48E00877B3C /* HandZapAssignment.xcdatamodeld */ = {
			isa = XCVersionGroup;
			children = (
				1B11780123C9A48E00877B3C /* HandZapAssignment.xcdatamodel */,
			);
			currentVersion = 1B11780123C9A48E00877B3C /* HandZapAssignment.xcdatamodel */;
			path = HandZapAssignment.xcdatamodeld;
			sourceTree = "<group>";
			versionGroupType = wrapper.xcdatamodel;
		};
/* End XCVersionGroup section */
	};
	rootObject = 1B1177EE23C9A48E00877B3C /* Project object */;
}
